
Microsoft Visual Studio Solution File, Format Version 12.00
# Visual Studio 15
VisualStudioVersion = 15.0.26430.12
MinimumVisualStudioVersion = 10.0.40219.1
Project("{9A19103F-16F7-4668-BE54-9A1E7A4F7556}") = "Js2Cs", "Js2Cs\Js2Cs.csproj", "{472D7E2A-0B52-4A61-8509-38478FEFD6C0}"
EndProject
Project("{9A19103F-16F7-4668-BE54-9A1E7A4F7556}") = "Js2CsConsole", "Js2CsConsole\Js2CsConsole.csproj", "{9EF7E708-5BC4-4365-97B6-5C76324B613F}"
EndProject
Project("{FAE04EC0-301F-11D3-BF4B-00C04F79EFBC}") = "ApiTest", "ApiTest\ApiTest.csproj", "{C5B129A3-190F-4257-BADE-C1C459973C4A}"
EndProject
Project("{2150E333-8FDC-42A3-9474-1A3956D46DE8}") = "Solution Items", "Solution Items", "{3661FCFC-5EBD-4877-A4FE-B0228F77248C}"
	ProjectSection(SolutionItems) = preProject
		LICENSE.txt = LICENSE.txt
		README.md = README.md
	EndProjectSection
EndProject
Global
	GlobalSection(SolutionConfigurationPlatforms) = preSolution
		Debug|Any CPU = Debug|Any CPU
		Release|Any CPU = Release|Any CPU
	EndGlobalSection
	GlobalSection(ProjectConfigurationPlatforms) = postSolution
		{472D7E2A-0B52-4A61-8509-38478FEFD6C0}.Debug|Any CPU.ActiveCfg = Debug|Any CPU
		{472D7E2A-0B52-4A61-8509-38478FEFD6C0}.Debug|Any CPU.Build.0 = Debug|Any CPU
		{472D7E2A-0B52-4A61-8509-38478FEFD6C0}.Release|Any CPU.ActiveCfg = Release|Any CPU
		{472D7E2A-0B52-4A61-8509-38478FEFD6C0}.Release|Any CPU.Build.0 = Release|Any CPU
		{9EF7E708-5BC4-4365-97B6-5C76324B613F}.Debug|Any CPU.ActiveCfg = Debug|Any CPU
		{9EF7E708-5BC4-4365-97B6-5C76324B613F}.Debug|Any CPU.Build.0 = Debug|Any CPU
		{9EF7E708-5BC4-4365-97B6-5C76324B613F}.Release|Any CPU.ActiveCfg = Release|Any CPU
		{9EF7E708-5BC4-4365-97B6-5C76324B613F}.Release|Any CPU.Build.0 = Release|Any CPU
		{C5B129A3-190F-4257-BADE-C1C459973C4A}.Debug|Any CPU.ActiveCfg = Debug|Any CPU
		{C5B129A3-190F-4257-BADE-C1C459973C4A}.Debug|Any CPU.Build.0 = Debug|Any CPU
		{C5B129A3-190F-4257-BADE-C1C459973C4A}.Release|Any CPU.ActiveCfg = Release|Any CPU
		{C5B129A3-190F-4257-BADE-C1C459973C4A}.Release|Any CPU.Build.0 = Release|Any CPU
	EndGlobalSection
	GlobalSection(SolutionProperties) = preSolution
		HideSolutionNode = FALSE
	EndGlobalSection
EndGlobal
